
Microsoft Visual Studio Solution File, Format Version 12.00
# Visual Studio 15
VisualStudioVersion = 15.0.26228.4
MinimumVisualStudioVersion = 10.0.40219.1
Project("{D954291E-2A0B-460D-934E-DC6B0785DB48}") = "CarrinhoLanche", "CarrinhoLanche\CarrinhoLanche\CarrinhoLanche.shproj", "{23DDC1F1-5FE6-4E4C-95AA-6A2A844E50A6}"
EndProject
Project("{FAE04EC0-301F-11D3-BF4B-00C04F79EFBC}") = "CarrinhoLanche.Android", "CarrinhoLanche\CarrinhoLanche.Android\CarrinhoLanche.Android.csproj", "{54F6AA2F-5D87-45FB-8E8D-DBE15EC01EFD}"
EndProject
Project("{FAE04EC0-301F-11D3-BF4B-00C04F79EFBC}") = "CarrinhoLanche.iOS", "CarrinhoLanche\CarrinhoLanche.iOS\CarrinhoLanche.iOS.csproj", "{1985A003-FD5C-44BE-9364-613CFAC7A67A}"
EndProject
Project("{FAE04EC0-301F-11D3-BF4B-00C04F79EFBC}") = "CarrinhoLanche.UWP", "CarrinhoLanche\CarrinhoLanche.UWP\CarrinhoLanche.UWP.csproj", "{48482B49-A2D3-48D4-9D32-DBD687CB6D90}"
EndProject
Global
	GlobalSection(SharedMSBuildProjectFiles) = preSolution
		CarrinhoLanche\CarrinhoLanche\CarrinhoLanche.projitems*{1985a003-fd5c-44be-9364-613cfac7a67a}*SharedItemsImports = 4
		CarrinhoLanche\CarrinhoLanche\CarrinhoLanche.projitems*{23ddc1f1-5fe6-4e4c-95aa-6a2a844e50a6}*SharedItemsImports = 13
		CarrinhoLanche\CarrinhoLanche\CarrinhoLanche.projitems*{48482b49-a2d3-48d4-9d32-dbd687cb6d90}*SharedItemsImports = 4
		CarrinhoLanche\CarrinhoLanche\CarrinhoLanche.projitems*{54f6aa2f-5d87-45fb-8e8d-dbe15ec01efd}*SharedItemsImports = 4
	EndGlobalSection
	GlobalSection(SolutionConfigurationPlatforms) = preSolution
		Ad-Hoc|Any CPU = Ad-Hoc|Any CPU
		Ad-Hoc|ARM = Ad-Hoc|ARM
		Ad-Hoc|iPhone = Ad-Hoc|iPhone
		Ad-Hoc|iPhoneSimulator = Ad-Hoc|iPhoneSimulator
		Ad-Hoc|x64 = Ad-Hoc|x64
		Ad-Hoc|x86 = Ad-Hoc|x86
		AppStore|Any CPU = AppStore|Any CPU
		AppStore|ARM = AppStore|ARM
		AppStore|iPhone = AppStore|iPhone
		AppStore|iPhoneSimulator = AppStore|iPhoneSimulator
		AppStore|x64 = AppStore|x64
		AppStore|x86 = AppStore|x86
		Debug|Any CPU = Debug|Any CPU
		Debug|ARM = Debug|ARM
		Debug|iPhone = Debug|iPhone
		Debug|iPhoneSimulator = Debug|iPhoneSimulator
		Debug|x64 = Debug|x64
		Debug|x86 = Debug|x86
		Release|Any CPU = Release|Any CPU
		Release|ARM = Release|ARM
		Release|iPhone = Release|iPhone
		Release|iPhoneSimulator = Release|iPhoneSimulator
		Release|x64 = Release|x64
		Release|x86 = Release|x86
	EndGlobalSection
	GlobalSection(ProjectConfigurationPlatforms) = postSolution
		{54F6AA2F-5D87-45FB-8E8D-DBE15EC01EFD}.Ad-Hoc|Any CPU.ActiveCfg = Release|Any CPU
		{54F6AA2F-5D87-45FB-8E8D-DBE15EC01EFD}.Ad-Hoc|Any CPU.Build.0 = Release|Any CPU
		{54F6AA2F-5D87-45FB-8E8D-DBE15EC01EFD}.Ad-Hoc|Any CPU.Deploy.0 = Release|Any CPU
		{54F6AA2F-5D87-45FB-8E8D-DBE15EC01EFD}.Ad-Hoc|ARM.ActiveCfg = Release|Any CPU
		{54F6AA2F-5D87-45FB-8E8D-DBE15EC01EFD}.Ad-Hoc|ARM.Build.0 = Release|Any CPU
		{54F6AA2F-5D87-45FB-8E8D-DBE15EC01EFD}.Ad-Hoc|ARM.Deploy.0 = Release|Any CPU
		{54F6AA2F-5D87-45FB-8E8D-DBE15EC01EFD}.Ad-Hoc|iPhone.ActiveCfg = Release|Any CPU
		{54F6AA2F-5D87-45FB-8E8D-DBE15EC01EFD}.Ad-Hoc|iPhone.Build.0 = Release|Any CPU
		{54F6AA2F-5D87-45FB-8E8D-DBE15EC01EFD}.Ad-Hoc|iPhone.Deploy.0 = Release|Any CPU
		{54F6AA2F-5D87-45FB-8E8D-DBE15EC01EFD}.Ad-Hoc|iPhoneSimulator.ActiveCfg = Release|Any CPU
		{54F6AA2F-5D87-45FB-8E8D-DBE15EC01EFD}.Ad-Hoc|iPhoneSimulator.Build.0 = Release|Any CPU
		{54F6AA2F-5D87-45FB-8E8D-DBE15EC01EFD}.Ad-Hoc|iPhoneSimulator.Deploy.0 = Release|Any CPU
		{54F6AA2F-5D87-45FB-8E8D-DBE15EC01EFD}.Ad-Hoc|x64.ActiveCfg = Release|Any CPU
		{54F6AA2F-5D87-45FB-8E8D-DBE15EC01EFD}.Ad-Hoc|x64.Build.0 = Release|Any CPU
		{54F6AA2F-5D87-45FB-8E8D-DBE15EC01EFD}.Ad-Hoc|x64.Deploy.0 = Release|Any CPU
		{54F6AA2F-5D87-45FB-8E8D-DBE15EC01EFD}.Ad-Hoc|x86.ActiveCfg = Release|Any CPU
		{54F6AA2F-5D87-45FB-8E8D-DBE15EC01EFD}.Ad-Hoc|x86.Build.0 = Release|Any CPU
		{54F6AA2F-5D87-45FB-8E8D-DBE15EC01EFD}.Ad-Hoc|x86.Deploy.0 = Release|Any CPU
		{54F6AA2F-5D87-45FB-8E8D-DBE15EC01EFD}.AppStore|Any CPU.ActiveCfg = Release|Any CPU
		{54F6AA2F-5D87-45FB-8E8D-DBE15EC01EFD}.AppStore|Any CPU.Build.0 = Release|Any CPU
		{54F6AA2F-5D87-45FB-8E8D-DBE15EC01EFD}.AppStore|Any CPU.Deploy.0 = Release|Any CPU
		{54F6AA2F-5D87-45FB-8E8D-DBE15EC01EFD}.AppStore|ARM.ActiveCfg = Release|Any CPU
		{54F6AA2F-5D87-45FB-8E8D-DBE15EC01EFD}.AppStore|ARM.Build.0 = Release|Any CPU
		{54F6AA2F-5D87-45FB-8E8D-DBE15EC01EFD}.AppStore|ARM.Deploy.0 = Release|Any CPU
		{54F6AA2F-5D87-45FB-8E8D-DBE15EC01EFD}.AppStore|iPhone.ActiveCfg = Release|Any CPU
		{54F6AA2F-5D87-45FB-8E8D-DBE15EC01EFD}.AppStore|iPhone.Build.0 = Release|Any CPU
		{54F6AA2F-5D87-45FB-8E8D-DBE15EC01EFD}.AppStore|iPhone.Deploy.0 = Release|Any CPU
		{54F6AA2F-5D87-45FB-8E8D-DBE15EC01EFD}.AppStore|iPhoneSimulator.ActiveCfg = Release|Any CPU
		{54F6AA2F-5D87-45FB-8E8D-DBE15EC01EFD}.AppStore|iPhoneSimulator.Build.0 = Release|Any CPU
		{54F6AA2F-5D87-45FB-8E8D-DBE15EC01EFD}.AppStore|iPhoneSimulator.Deploy.0 = Release|Any CPU
		{54F6AA2F-5D87-45FB-8E8D-DBE15EC01EFD}.AppStore|x64.ActiveCfg = Release|Any CPU
		{54F6AA2F-5D87-45FB-8E8D-DBE15EC01EFD}.AppStore|x64.Build.0 = Release|Any CPU
		{54F6AA2F-5D87-45FB-8E8D-DBE15EC01EFD}.AppStore|x64.Deploy.0 = Release|Any CPU
		{54F6AA2F-5D87-45FB-8E8D-DBE15EC01EFD}.AppStore|x86.ActiveCfg = Release|Any CPU
		{54F6AA2F-5D87-45FB-8E8D-DBE15EC01EFD}.AppStore|x86.Build.0 = Release|Any CPU
		{54F6AA2F-5D87-45FB-8E8D-DBE15EC01EFD}.AppStore|x86.Deploy.0 = Release|Any CPU
		{54F6AA2F-5D87-45FB-8E8D-DBE15EC01EFD}.Debug|Any CPU.ActiveCfg = Debug|Any CPU
		{54F6AA2F-5D87-45FB-8E8D-DBE15EC01EFD}.Debug|Any CPU.Build.0 = Debug|Any CPU
		{54F6AA2F-5D87-45FB-8E8D-DBE15EC01EFD}.Debug|Any CPU.Deploy.0 = Debug|Any CPU
		{54F6AA2F-5D87-45FB-8E8D-DBE15EC01EFD}.Debug|ARM.ActiveCfg = Debug|Any CPU
		{54F6AA2F-5D87-45FB-8E8D-DBE15EC01EFD}.Debug|ARM.Build.0 = Debug|Any CPU
		{54F6AA2F-5D87-45FB-8E8D-DBE15EC01EFD}.Debug|ARM.Deploy.0 = Debug|Any CPU
		{54F6AA2F-5D87-45FB-8E8D-DBE15EC01EFD}.Debug|iPhone.ActiveCfg = Debug|Any CPU
		{54F6AA2F-5D87-45FB-8E8D-DBE15EC01EFD}.Debug|iPhone.Build.0 = Debug|Any CPU
		{54F6AA2F-5D87-45FB-8E8D-DBE15EC01EFD}.Debug|iPhone.Deploy.0 = Debug|Any CPU
		{54F6AA2F-5D87-45FB-8E8D-DBE15EC01EFD}.Debug|iPhoneSimulator.ActiveCfg = Debug|Any CPU
		{54F6AA2F-5D87-45FB-8E8D-DBE15EC01EFD}.Debug|iPhoneSimulator.Build.0 = Debug|Any CPU
		{54F6AA2F-5D87-45FB-8E8D-DBE15EC01EFD}.Debug|iPhoneSimulator.Deploy.0 = Debug|Any CPU
		{54F6AA2F-5D87-45FB-8E8D-DBE15EC01EFD}.Debug|x64.ActiveCfg = Debug|Any CPU
		{54F6AA2F-5D87-45FB-8E8D-DBE15EC01EFD}.Debug|x64.Build.0 = Debug|Any CPU
		{54F6AA2F-5D87-45FB-8E8D-DBE15EC01EFD}.Debug|x64.Deploy.0 = Debug|Any CPU
		{54F6AA2F-5D87-45FB-8E8D-DBE15EC01EFD}.Debug|x86.ActiveCfg = Debug|Any CPU
		{54F6AA2F-5D87-45FB-8E8D-DBE15EC01EFD}.Debug|x86.Build.0 = Debug|Any CPU
		{54F6AA2F-5D87-45FB-8E8D-DBE15EC01EFD}.Debug|x86.Deploy.0 = Debug|Any CPU
		{54F6AA2F-5D87-45FB-8E8D-DBE15EC01EFD}.Release|Any CPU.ActiveCfg = Release|Any CPU
		{54F6AA2F-5D87-45FB-8E8D-DBE15EC01EFD}.Release|Any CPU.Build.0 = Release|Any CPU
		{54F6AA2F-5D87-45FB-8E8D-DBE15EC01EFD}.Release|Any CPU.Deploy.0 = Release|Any CPU
		{54F6AA2F-5D87-45FB-8E8D-DBE15EC01EFD}.Release|ARM.ActiveCfg = Release|Any CPU
		{54F6AA2F-5D87-45FB-8E8D-DBE15EC01EFD}.Release|ARM.Build.0 = Release|Any CPU
		{54F6AA2F-5D87-45FB-8E8D-DBE15EC01EFD}.Release|ARM.Deploy.0 = Release|Any CPU
		{54F6AA2F-5D87-45FB-8E8D-DBE15EC01EFD}.Release|iPhone.ActiveCfg = Release|Any CPU
		{54F6AA2F-5D87-45FB-8E8D-DBE15EC01EFD}.Release|iPhone.Build.0 = Release|Any CPU
		{54F6AA2F-5D87-45FB-8E8D-DBE15EC01EFD}.Release|iPhone.Deploy.0 = Release|Any CPU
		{54F6AA2F-5D87-45FB-8E8D-DBE15EC01EFD}.Release|iPhoneSimulator.ActiveCfg = Release|Any CPU
		{54F6AA2F-5D87-45FB-8E8D-DBE15EC01EFD}.Release|iPhoneSimulator.Build.0 = Release|Any CPU
		{54F6AA2F-5D87-45FB-8E8D-DBE15EC01EFD}.Release|iPhoneSimulator.Deploy.0 = Release|Any CPU
		{54F6AA2F-5D87-45FB-8E8D-DBE15EC01EFD}.Release|x64.ActiveCfg = Release|Any CPU
		{54F6AA2F-5D87-45FB-8E8D-DBE15EC01EFD}.Release|x64.Build.0 = Release|Any CPU
		{54F6AA2F-5D87-45FB-8E8D-DBE15EC01EFD}.Release|x64.Deploy.0 = Release|Any CPU
		{54F6AA2F-5D87-45FB-8E8D-DBE15EC01EFD}.Release|x86.ActiveCfg = Release|Any CPU
		{54F6AA2F-5D87-45FB-8E8D-DBE15EC01EFD}.Release|x86.Build.0 = Release|Any CPU
		{54F6AA2F-5D87-45FB-8E8D-DBE15EC01EFD}.Release|x86.Deploy.0 = Release|Any CPU
		{1985A003-FD5C-44BE-9364-613CFAC7A67A}.Ad-Hoc|Any CPU.ActiveCfg = Ad-Hoc|iPhone
		{1985A003-FD5C-44BE-9364-613CFAC7A67A}.Ad-Hoc|ARM.ActiveCfg = Ad-Hoc|iPhone
		{1985A003-FD5C-44BE-9364-613CFAC7A67A}.Ad-Hoc|iPhone.ActiveCfg = Ad-Hoc|iPhone
		{1985A003-FD5C-44BE-9364-613CFAC7A67A}.Ad-Hoc|iPhone.Build.0 = Ad-Hoc|iPhone
		{1985A003-FD5C-44BE-9364-613CFAC7A67A}.Ad-Hoc|iPhoneSimulator.ActiveCfg = Ad-Hoc|iPhoneSimulator
		{1985A003-FD5C-44BE-9364-613CFAC7A67A}.Ad-Hoc|iPhoneSimulator.Build.0 = Ad-Hoc|iPhoneSimulator
		{1985A003-FD5C-44BE-9364-613CFAC7A67A}.Ad-Hoc|x64.ActiveCfg = Ad-Hoc|iPhone
		{1985A003-FD5C-44BE-9364-613CFAC7A67A}.Ad-Hoc|x86.ActiveCfg = Ad-Hoc|iPhone
		{1985A003-FD5C-44BE-9364-613CFAC7A67A}.AppStore|Any CPU.ActiveCfg = AppStore|iPhone
		{1985A003-FD5C-44BE-9364-613CFAC7A67A}.AppStore|ARM.ActiveCfg = AppStore|iPhone
		{1985A003-FD5C-44BE-9364-613CFAC7A67A}.AppStore|iPhone.ActiveCfg = AppStore|iPhone
		{1985A003-FD5C-44BE-9364-613CFAC7A67A}.AppStore|iPhone.Build.0 = AppStore|iPhone
		{1985A003-FD5C-44BE-9364-613CFAC7A67A}.AppStore|iPhoneSimulator.ActiveCfg = AppStore|iPhoneSimulator
		{1985A003-FD5C-44BE-9364-613CFAC7A67A}.AppStore|iPhoneSimulator.Build.0 = AppStore|iPhoneSimulator
		{1985A003-FD5C-44BE-9364-613CFAC7A67A}.AppStore|x64.ActiveCfg = AppStore|iPhone
		{1985A003-FD5C-44BE-9364-613CFAC7A67A}.AppStore|x86.ActiveCfg = AppStore|iPhone
		{1985A003-FD5C-44BE-9364-613CFAC7A67A}.Debug|Any CPU.ActiveCfg = Debug|iPhone
		{1985A003-FD5C-44BE-9364-613CFAC7A67A}.Debug|ARM.ActiveCfg = Debug|iPhone
		{1985A003-FD5C-44BE-9364-613CFAC7A67A}.Debug|iPhone.ActiveCfg = Debug|iPhone
		{1985A003-FD5C-44BE-9364-613CFAC7A67A}.Debug|iPhone.Build.0 = Debug|iPhone
		{1985A003-FD5C-44BE-9364-613CFAC7A67A}.Debug|iPhoneSimulator.ActiveCfg = Debug|iPhoneSimulator
		{1985A003-FD5C-44BE-9364-613CFAC7A67A}.Debug|iPhoneSimulator.Build.0 = Debug|iPhoneSimulator
		{1985A003-FD5C-44BE-9364-613CFAC7A67A}.Debug|x64.ActiveCfg = Debug|iPhone
		{1985A003-FD5C-44BE-9364-613CFAC7A67A}.Debug|x86.ActiveCfg = Debug|iPhone
		{1985A003-FD5C-44BE-9364-613CFAC7A67A}.Release|Any CPU.ActiveCfg = Release|iPhone
		{1985A003-FD5C-44BE-9364-613CFAC7A67A}.Release|ARM.ActiveCfg = Release|iPhone
		{1985A003-FD5C-44BE-9364-613CFAC7A67A}.Release|iPhone.ActiveCfg = Release|iPhone
		{1985A003-FD5C-44BE-9364-613CFAC7A67A}.Release|iPhone.Build.0 = Release|iPhone
		{1985A003-FD5C-44BE-9364-613CFAC7A67A}.Release|iPhoneSimulator.ActiveCfg = Release|iPhoneSimulator
		{1985A003-FD5C-44BE-9364-613CFAC7A67A}.Release|iPhoneSimulator.Build.0 = Release|iPhoneSimulator
		{1985A003-FD5C-44BE-9364-613CFAC7A67A}.Release|x64.ActiveCfg = Release|iPhone
		{1985A003-FD5C-44BE-9364-613CFAC7A67A}.Release|x86.ActiveCfg = Release|iPhone
		{48482B49-A2D3-48D4-9D32-DBD687CB6D90}.Ad-Hoc|Any CPU.ActiveCfg = Release|x86
		{48482B49-A2D3-48D4-9D32-DBD687CB6D90}.Ad-Hoc|Any CPU.Build.0 = Release|x86
		{48482B49-A2D3-48D4-9D32-DBD687CB6D90}.Ad-Hoc|Any CPU.Deploy.0 = Release|x86
		{48482B49-A2D3-48D4-9D32-DBD687CB6D90}.Ad-Hoc|ARM.ActiveCfg = Release|ARM
		{48482B49-A2D3-48D4-9D32-DBD687CB6D90}.Ad-Hoc|ARM.Build.0 = Release|ARM
		{48482B49-A2D3-48D4-9D32-DBD687CB6D90}.Ad-Hoc|ARM.Deploy.0 = Release|ARM
		{48482B49-A2D3-48D4-9D32-DBD687CB6D90}.Ad-Hoc|iPhone.ActiveCfg = Release|x86
		{48482B49-A2D3-48D4-9D32-DBD687CB6D90}.Ad-Hoc|iPhone.Build.0 = Release|x86
		{48482B49-A2D3-48D4-9D32-DBD687CB6D90}.Ad-Hoc|iPhone.Deploy.0 = Release|x86
		{48482B49-A2D3-48D4-9D32-DBD687CB6D90}.Ad-Hoc|iPhoneSimulator.ActiveCfg = Release|x86
		{48482B49-A2D3-48D4-9D32-DBD687CB6D90}.Ad-Hoc|iPhoneSimulator.Build.0 = Release|x86
		{48482B49-A2D3-48D4-9D32-DBD687CB6D90}.Ad-Hoc|iPhoneSimulator.Deploy.0 = Release|x86
		{48482B49-A2D3-48D4-9D32-DBD687CB6D90}.Ad-Hoc|x64.ActiveCfg = Release|x64
		{48482B49-A2D3-48D4-9D32-DBD687CB6D90}.Ad-Hoc|x64.Build.0 = Release|x64
		{48482B49-A2D3-48D4-9D32-DBD687CB6D90}.Ad-Hoc|x64.Deploy.0 = Release|x64
		{48482B49-A2D3-48D4-9D32-DBD687CB6D90}.Ad-Hoc|x86.ActiveCfg = Release|x86
		{48482B49-A2D3-48D4-9D32-DBD687CB6D90}.Ad-Hoc|x86.Build.0 = Release|x86
		{48482B49-A2D3-48D4-9D32-DBD687CB6D90}.Ad-Hoc|x86.Deploy.0 = Release|x86
		{48482B49-A2D3-48D4-9D32-DBD687CB6D90}.AppStore|Any CPU.ActiveCfg = Release|x86
		{48482B49-A2D3-48D4-9D32-DBD687CB6D90}.AppStore|Any CPU.Build.0 = Release|x86
		{48482B49-A2D3-48D4-9D32-DBD687CB6D90}.AppStore|Any CPU.Deploy.0 = Release|x86
		{48482B49-A2D3-48D4-9D32-DBD687CB6D90}.AppStore|ARM.ActiveCfg = Release|ARM
		{48482B49-A2D3-48D4-9D32-DBD687CB6D90}.AppStore|ARM.Build.0 = Release|ARM
		{48482B49-A2D3-48D4-9D32-DBD687CB6D90}.AppStore|ARM.Deploy.0 = Release|ARM
		{48482B49-A2D3-48D4-9D32-DBD687CB6D90}.AppStore|iPhone.ActiveCfg = Release|x86
		{48482B49-A2D3-48D4-9D32-DBD687CB6D90}.AppStore|iPhone.Build.0 = Release|x86
		{48482B49-A2D3-48D4-9D32-DBD687CB6D90}.AppStore|iPhone.Deploy.0 = Release|x86
		{48482B49-A2D3-48D4-9D32-DBD687CB6D90}.AppStore|iPhoneSimulator.ActiveCfg = Release|x86
		{48482B49-A2D3-48D4-9D32-DBD687CB6D90}.AppStore|iPhoneSimulator.Build.0 = Release|x86
		{48482B49-A2D3-48D4-9D32-DBD687CB6D90}.AppStore|iPhoneSimulator.Deploy.0 = Release|x86
		{48482B49-A2D3-48D4-9D32-DBD687CB6D90}.AppStore|x64.ActiveCfg = Release|x64
		{48482B49-A2D3-48D4-9D32-DBD687CB6D90}.AppStore|x64.Build.0 = Release|x64
		{48482B49-A2D3-48D4-9D32-DBD687CB6D90}.AppStore|x64.Deploy.0 = Release|x64
		{48482B49-A2D3-48D4-9D32-DBD687CB6D90}.AppStore|x86.ActiveCfg = Release|x86
		{48482B49-A2D3-48D4-9D32-DBD687CB6D90}.AppStore|x86.Build.0 = Release|x86
		{48482B49-A2D3-48D4-9D32-DBD687CB6D90}.AppStore|x86.Deploy.0 = Release|x86
		{48482B49-A2D3-48D4-9D32-DBD687CB6D90}.Debug|Any CPU.ActiveCfg = Debug|x86
		{48482B49-A2D3-48D4-9D32-DBD687CB6D90}.Debug|ARM.ActiveCfg = Debug|ARM
		{48482B49-A2D3-48D4-9D32-DBD687CB6D90}.Debug|ARM.Build.0 = Debug|ARM
		{48482B49-A2D3-48D4-9D32-DBD687CB6D90}.Debug|ARM.Deploy.0 = Debug|ARM
		{48482B49-A2D3-48D4-9D32-DBD687CB6D90}.Debug|iPhone.ActiveCfg = Debug|x86
		{48482B49-A2D3-48D4-9D32-DBD687CB6D90}.Debug|iPhoneSimulator.ActiveCfg = Debug|x86
		{48482B49-A2D3-48D4-9D32-DBD687CB6D90}.Debug|x64.ActiveCfg = Debug|x64
		{48482B49-A2D3-48D4-9D32-DBD687CB6D90}.Debug|x64.Build.0 = Debug|x64
		{48482B49-A2D3-48D4-9D32-DBD687CB6D90}.Debug|x64.Deploy.0 = Debug|x64
		{48482B49-A2D3-48D4-9D32-DBD687CB6D90}.Debug|x86.ActiveCfg = Debug|x86
		{48482B49-A2D3-48D4-9D32-DBD687CB6D90}.Debug|x86.Build.0 = Debug|x86
		{48482B49-A2D3-48D4-9D32-DBD687CB6D90}.Debug|x86.Deploy.0 = Debug|x86
		{48482B49-A2D3-48D4-9D32-DBD687CB6D90}.Release|Any CPU.ActiveCfg = Release|x86
		{48482B49-A2D3-48D4-9D32-DBD687CB6D90}.Release|ARM.ActiveCfg = Release|ARM
		{48482B49-A2D3-48D4-9D32-DBD687CB6D90}.Release|ARM.Build.0 = Release|ARM
		{48482B49-A2D3-48D4-9D32-DBD687CB6D90}.Release|ARM.Deploy.0 = Release|ARM
		{48482B49-A2D3-48D4-9D32-DBD687CB6D90}.Release|iPhone.ActiveCfg = Release|x86
		{48482B49-A2D3-48D4-9D32-DBD687CB6D90}.Release|iPhoneSimulator.ActiveCfg = Release|x86
		{48482B49-A2D3-48D4-9D32-DBD687CB6D90}.Release|x64.ActiveCfg = Release|x64
		{48482B49-A2D3-48D4-9D32-DBD687CB6D90}.Release|x64.Build.0 = Release|x64
		{48482B49-A2D3-48D4-9D32-DBD687CB6D90}.Release|x64.Deploy.0 = Release|x64
		{48482B49-A2D3-48D4-9D32-DBD687CB6D90}.Release|x86.ActiveCfg = Release|x86
		{48482B49-A2D3-48D4-9D32-DBD687CB6D90}.Release|x86.Build.0 = Release|x86
		{48482B49-A2D3-48D4-9D32-DBD687CB6D90}.Release|x86.Deploy.0 = Release|x86
	EndGlobalSection
	GlobalSection(SolutionProperties) = preSolution
		HideSolutionNode = FALSE
	EndGlobalSection
EndGlobal
